// !$*UTF8*$!
{
	archiveVersion = 1;
	classes = {
	};
	objectVersion = 55;
	objects = {

/* Begin PBXBuildFile section */
		1862A88B2823FA7100CA9BDF /* WithdrawalViewController.swift in Sources */ = {isa = PBXBuildFile; fileRef = 1862A88A2823FA7100CA9BDF /* WithdrawalViewController.swift */; };
		1862A88D2824047700CA9BDF /* BankViewController.swift in Sources */ = {isa = PBXBuildFile; fileRef = 1862A88C2824047700CA9BDF /* BankViewController.swift */; };
		1862A88F2824049F00CA9BDF /* CashViewController.swift in Sources */ = {isa = PBXBuildFile; fileRef = 1862A88E2824049F00CA9BDF /* CashViewController.swift */; };
		18715217281A5FFE00A870CC /* GridCollectionViewController.swift in Sources */ = {isa = PBXBuildFile; fileRef = 18715216281A5FFE00A870CC /* GridCollectionViewController.swift */; };
		187324E5282A666000E91C06 /* ProfileCollectionViewController.swift in Sources */ = {isa = PBXBuildFile; fileRef = 187324E4282A666000E91C06 /* ProfileCollectionViewController.swift */; };
		187499E3283E22E70039DEB3 /* PurchaseLedgerViewController.swift in Sources */ = {isa = PBXBuildFile; fileRef = 187499E2283E22E70039DEB3 /* PurchaseLedgerViewController.swift */; };
		187499E5283F45080039DEB3 /* LaylandStoresViewController.swift in Sources */ = {isa = PBXBuildFile; fileRef = 187499E4283F45080039DEB3 /* LaylandStoresViewController.swift */; };
		187499E7284491920039DEB3 /* SalesLedgerViewController.swift in Sources */ = {isa = PBXBuildFile; fileRef = 187499E6284491920039DEB3 /* SalesLedgerViewController.swift */; };
		187499E928449F900039DEB3 /* LysonMartViewController.swift in Sources */ = {isa = PBXBuildFile; fileRef = 187499E828449F900039DEB3 /* LysonMartViewController.swift */; };
		187499EE2844BEFE0039DEB3 /* BrokerLedgerViewController.swift in Sources */ = {isa = PBXBuildFile; fileRef = 187499ED2844BEFE0039DEB3 /* BrokerLedgerViewController.swift */; };
		187499F02845D2500039DEB3 /* StockLedgerViewController.swift in Sources */ = {isa = PBXBuildFile; fileRef = 187499EF2845D2500039DEB3 /* StockLedgerViewController.swift */; };
		187499F2284629820039DEB3 /* BrokerDetailsViewController.swift in Sources */ = {isa = PBXBuildFile; fileRef = 187499F1284629820039DEB3 /* BrokerDetailsViewController.swift */; };
		187499F6284735F30039DEB3 /* StockProductDetailsViewController.swift in Sources */ = {isa = PBXBuildFile; fileRef = 187499F5284735F30039DEB3 /* StockProductDetailsViewController.swift */; };
		187499F82847362F0039DEB3 /* PurchaseDealerAccountViewController.swift in Sources */ = {isa = PBXBuildFile; fileRef = 187499F72847362F0039DEB3 /* PurchaseDealerAccountViewController.swift */; };
		187499FA28473CBB0039DEB3 /* ProfileDashboardViewController.swift in Sources */ = {isa = PBXBuildFile; fileRef = 187499F928473CBA0039DEB3 /* ProfileDashboardViewController.swift */; };
		187499FF2849D4F00039DEB3 /* LaylandBillViewController.swift in Sources */ = {isa = PBXBuildFile; fileRef = 187499FE2849D4F00039DEB3 /* LaylandBillViewController.swift */; };
		188997D628239F4B00E19478 /* NotificationViewController.swift in Sources */ = {isa = PBXBuildFile; fileRef = 188997D528239F4B00E19478 /* NotificationViewController.swift */; };
		189124332813C58F0017F8FB /* AppDelegate.swift in Sources */ = {isa = PBXBuildFile; fileRef = 189124322813C58F0017F8FB /* AppDelegate.swift */; };
		189124352813C58F0017F8FB /* SceneDelegate.swift in Sources */ = {isa = PBXBuildFile; fileRef = 189124342813C58F0017F8FB /* SceneDelegate.swift */; };
		189124372813C58F0017F8FB /* LoginViewController.swift in Sources */ = {isa = PBXBuildFile; fileRef = 189124362813C58F0017F8FB /* LoginViewController.swift */; };
		1891243D2813C58F0017F8FB /* Accquipo.xcdatamodeld in Sources */ = {isa = PBXBuildFile; fileRef = 1891243B2813C58F0017F8FB /* Accquipo.xcdatamodeld */; };
		1891243F2813C5950017F8FB /* Assets.xcassets in Resources */ = {isa = PBXBuildFile; fileRef = 1891243E2813C5950017F8FB /* Assets.xcassets */; };
		189124422813C5950017F8FB /* LaunchScreen.storyboard in Resources */ = {isa = PBXBuildFile; fileRef = 189124402813C5950017F8FB /* LaunchScreen.storyboard */; };
		1891244B2813DCBC0017F8FB /* Main.storyboard in Resources */ = {isa = PBXBuildFile; fileRef = 189124492813DCBC0017F8FB /* Main.storyboard */; };
		18DE71AD283D017F00FFAFEC /* HalfScreenViewController.swift in Sources */ = {isa = PBXBuildFile; fileRef = 18DE71AC283D017E00FFAFEC /* HalfScreenViewController.swift */; };
		880B338C37998B66C55F5B81 /* Pods_Accquipo.framework in Frameworks */ = {isa = PBXBuildFile; fileRef = 337365F6D8F9ADE10A8E4C45 /* Pods_Accquipo.framework */; };
/* End PBXBuildFile section */

/* Begin PBXFileReference section */
		1862A88A2823FA7100CA9BDF /* WithdrawalViewController.swift */ = {isa = PBXFileReference; lastKnownFileType = sourcecode.swift; path = WithdrawalViewController.swift; sourceTree = "<group>"; };
		1862A88C2824047700CA9BDF /* BankViewController.swift */ = {isa = PBXFileReference; lastKnownFileType = sourcecode.swift; path = BankViewController.swift; sourceTree = "<group>"; };
		1862A88E2824049F00CA9BDF /* CashViewController.swift */ = {isa = PBXFileReference; lastKnownFileType = sourcecode.swift; path = CashViewController.swift; sourceTree = "<group>"; };
		18715216281A5FFE00A870CC /* GridCollectionViewController.swift */ = {isa = PBXFileReference; lastKnownFileType = sourcecode.swift; path = GridCollectionViewController.swift; sourceTree = "<group>"; };
		187324E4282A666000E91C06 /* ProfileCollectionViewController.swift */ = {isa = PBXFileReference; lastKnownFileType = sourcecode.swift; path = ProfileCollectionViewController.swift; sourceTree = "<group>"; };
		187499E2283E22E70039DEB3 /* PurchaseLedgerViewController.swift */ = {isa = PBXFileReference; lastKnownFileType = sourcecode.swift; path = PurchaseLedgerViewController.swift; sourceTree = "<group>"; };
		187499E4283F45080039DEB3 /* LaylandStoresViewController.swift */ = {isa = PBXFileReference; lastKnownFileType = sourcecode.swift; path = LaylandStoresViewController.swift; sourceTree = "<group>"; };
		187499E6284491920039DEB3 /* SalesLedgerViewController.swift */ = {isa = PBXFileReference; lastKnownFileType = sourcecode.swift; path = SalesLedgerViewController.swift; sourceTree = "<group>"; };
		187499E828449F900039DEB3 /* LysonMartViewController.swift */ = {isa = PBXFileReference; lastKnownFileType = sourcecode.swift; path = LysonMartViewController.swift; sourceTree = "<group>"; };
		187499ED2844BEFE0039DEB3 /* BrokerLedgerViewController.swift */ = {isa = PBXFileReference; lastKnownFileType = sourcecode.swift; path = BrokerLedgerViewController.swift; sourceTree = "<group>"; };
		187499EF2845D2500039DEB3 /* StockLedgerViewController.swift */ = {isa = PBXFileReference; lastKnownFileType = sourcecode.swift; path = StockLedgerViewController.swift; sourceTree = "<group>"; };
		187499F1284629820039DEB3 /* BrokerDetailsViewController.swift */ = {isa = PBXFileReference; lastKnownFileType = sourcecode.swift; path = BrokerDetailsViewController.swift; sourceTree = "<group>"; };
		187499F5284735F30039DEB3 /* StockProductDetailsViewController.swift */ = {isa = PBXFileReference; lastKnownFileType = sourcecode.swift; path = StockProductDetailsViewController.swift; sourceTree = "<group>"; };
		187499F72847362F0039DEB3 /* PurchaseDealerAccountViewController.swift */ = {isa = PBXFileReference; lastKnownFileType = sourcecode.swift; path = PurchaseDealerAccountViewController.swift; sourceTree = "<group>"; };
		187499F928473CBA0039DEB3 /* ProfileDashboardViewController.swift */ = {isa = PBXFileReference; lastKnownFileType = sourcecode.swift; path = ProfileDashboardViewController.swift; sourceTree = "<group>"; };
		187499FE2849D4F00039DEB3 /* LaylandBillViewController.swift */ = {isa = PBXFileReference; lastKnownFileType = sourcecode.swift; path = LaylandBillViewController.swift; sourceTree = "<group>"; };
		188997D528239F4B00E19478 /* NotificationViewController.swift */ = {isa = PBXFileReference; lastKnownFileType = sourcecode.swift; path = NotificationViewController.swift; sourceTree = "<group>"; };
		1891242F2813C58F0017F8FB /* Accquipo.app */ = {isa = PBXFileReference; explicitFileType = wrapper.application; includeInIndex = 0; path = Accquipo.app; sourceTree = BUILT_PRODUCTS_DIR; };
		189124322813C58F0017F8FB /* AppDelegate.swift */ = {isa = PBXFileReference; lastKnownFileType = sourcecode.swift; path = AppDelegate.swift; sourceTree = "<group>"; };
		189124342813C58F0017F8FB /* SceneDelegate.swift */ = {isa = PBXFileReference; lastKnownFileType = sourcecode.swift; path = SceneDelegate.swift; sourceTree = "<group>"; };
		189124362813C58F0017F8FB /* LoginViewController.swift */ = {isa = PBXFileReference; lastKnownFileType = sourcecode.swift; path = LoginViewController.swift; sourceTree = "<group>"; };
		1891243C2813C58F0017F8FB /* Accquipo.xcdatamodel */ = {isa = PBXFileReference; lastKnownFileType = wrapper.xcdatamodel; path = Accquipo.xcdatamodel; sourceTree = "<group>"; };
		1891243E2813C5950017F8FB /* Assets.xcassets */ = {isa = PBXFileReference; lastKnownFileType = folder.assetcatalog; path = Assets.xcassets; sourceTree = "<group>"; };
		189124412813C5950017F8FB /* Base */ = {isa = PBXFileReference; lastKnownFileType = file.storyboard; name = Base; path = Base.lproj/LaunchScreen.storyboard; sourceTree = "<group>"; };
		189124432813C5950017F8FB /* Info.plist */ = {isa = PBXFileReference; lastKnownFileType = text.plist.xml; path = Info.plist; sourceTree = "<group>"; };
		1891244A2813DCBC0017F8FB /* Base */ = {isa = PBXFileReference; lastKnownFileType = file.storyboard; name = Base; path = Base.lproj/Main.storyboard; sourceTree = "<group>"; };
		18DE71AC283D017E00FFAFEC /* HalfScreenViewController.swift */ = {isa = PBXFileReference; lastKnownFileType = sourcecode.swift; path = HalfScreenViewController.swift; sourceTree = "<group>"; };
		337365F6D8F9ADE10A8E4C45 /* Pods_Accquipo.framework */ = {isa = PBXFileReference; explicitFileType = wrapper.framework; includeInIndex = 0; path = Pods_Accquipo.framework; sourceTree = BUILT_PRODUCTS_DIR; };
		4A2F92DDE6721A6E078EAC36 /* Pods-Accquipo.release.xcconfig */ = {isa = PBXFileReference; includeInIndex = 1; lastKnownFileType = text.xcconfig; name = "Pods-Accquipo.release.xcconfig"; path = "Target Support Files/Pods-Accquipo/Pods-Accquipo.release.xcconfig"; sourceTree = "<group>"; };
		E0352F9D7CC54BD370F6EED9 /* Pods-Accquipo.debug.xcconfig */ = {isa = PBXFileReference; includeInIndex = 1; lastKnownFileType = text.xcconfig; name = "Pods-Accquipo.debug.xcconfig"; path = "Target Support Files/Pods-Accquipo/Pods-Accquipo.debug.xcconfig"; sourceTree = "<group>"; };
/* End PBXFileReference section */

/* Begin PBXFrameworksBuildPhase section */
		1891242C2813C58F0017F8FB /* Frameworks */ = {
			isa = PBXFrameworksBuildPhase;
			buildActionMask = 2147483647;
			files = (
				880B338C37998B66C55F5B81 /* Pods_Accquipo.framework in Frameworks */,
			);
			runOnlyForDeploymentPostprocessing = 0;
		};
/* End PBXFrameworksBuildPhase section */

/* Begin PBXGroup section */
		07B8A1242D1ADE1B07E9542C /* Pods */ = {
			isa = PBXGroup;
			children = (
				E0352F9D7CC54BD370F6EED9 /* Pods-Accquipo.debug.xcconfig */,
				4A2F92DDE6721A6E078EAC36 /* Pods-Accquipo.release.xcconfig */,
			);
			path = Pods;
			sourceTree = "<group>";
		};
		189124262813C58F0017F8FB = {
			isa = PBXGroup;
			children = (
				189124312813C58F0017F8FB /* Accquipo */,
				189124302813C58F0017F8FB /* Products */,
				07B8A1242D1ADE1B07E9542C /* Pods */,
				FC2CA3A77DAFA2F7A13C1E34 /* Frameworks */,
			);
			sourceTree = "<group>";
		};
		189124302813C58F0017F8FB /* Products */ = {
			isa = PBXGroup;
			children = (
				1891242F2813C58F0017F8FB /* Accquipo.app */,
			);
			name = Products;
			sourceTree = "<group>";
		};
		189124312813C58F0017F8FB /* Accquipo */ = {
			isa = PBXGroup;
			children = (
				189124322813C58F0017F8FB /* AppDelegate.swift */,
				189124492813DCBC0017F8FB /* Main.storyboard */,
				187499F928473CBA0039DEB3 /* ProfileDashboardViewController.swift */,
				187499F72847362F0039DEB3 /* PurchaseDealerAccountViewController.swift */,
				187499F1284629820039DEB3 /* BrokerDetailsViewController.swift */,
				187499E4283F45080039DEB3 /* LaylandStoresViewController.swift */,
				187499EF2845D2500039DEB3 /* StockLedgerViewController.swift */,
				187324E4282A666000E91C06 /* ProfileCollectionViewController.swift */,
				189124362813C58F0017F8FB /* LoginViewController.swift */,
				18715216281A5FFE00A870CC /* GridCollectionViewController.swift */,
				18DE71AC283D017E00FFAFEC /* HalfScreenViewController.swift */,
				1862A88A2823FA7100CA9BDF /* WithdrawalViewController.swift */,
				1862A88C2824047700CA9BDF /* BankViewController.swift */,
				1862A88E2824049F00CA9BDF /* CashViewController.swift */,
				188997D528239F4B00E19478 /* NotificationViewController.swift */,
				187499F5284735F30039DEB3 /* StockProductDetailsViewController.swift */,
				187499E2283E22E70039DEB3 /* PurchaseLedgerViewController.swift */,
				187499E6284491920039DEB3 /* SalesLedgerViewController.swift */,
				187499E828449F900039DEB3 /* LysonMartViewController.swift */,
				187499ED2844BEFE0039DEB3 /* BrokerLedgerViewController.swift */,
				187499FE2849D4F00039DEB3 /* LaylandBillViewController.swift */,
				189124342813C58F0017F8FB /* SceneDelegate.swift */,
				1891243E2813C5950017F8FB /* Assets.xcassets */,
				189124402813C5950017F8FB /* LaunchScreen.storyboard */,
				189124432813C5950017F8FB /* Info.plist */,
				1891243B2813C58F0017F8FB /* Accquipo.xcdatamodeld */,
			);
			path = Accquipo;
			sourceTree = "<group>";
		};
		FC2CA3A77DAFA2F7A13C1E34 /* Frameworks */ = {
			isa = PBXGroup;
			children = (
				337365F6D8F9ADE10A8E4C45 /* Pods_Accquipo.framework */,
			);
			name = Frameworks;
			sourceTree = "<group>";
		};
/* End PBXGroup section */

/* Begin PBXNativeTarget section */
		1891242E2813C58F0017F8FB /* Accquipo */ = {
			isa = PBXNativeTarget;
			buildConfigurationList = 189124462813C5950017F8FB /* Build configuration list for PBXNativeTarget "Accquipo" */;
			buildPhases = (
				9B7EF28C05DDE11792040810 /* [CP] Check Pods Manifest.lock */,
				1891242B2813C58F0017F8FB /* Sources */,
				1891242C2813C58F0017F8FB /* Frameworks */,
				1891242D2813C58F0017F8FB /* Resources */,
				1E916EAA049752C61C1DF434 /* [CP] Embed Pods Frameworks */,
			);
			buildRules = (
			);
			dependencies = (
			);
			name = Accquipo;
			productName = Accquipo;
			productReference = 1891242F2813C58F0017F8FB /* Accquipo.app */;
			productType = "com.apple.product-type.application";
		};
/* End PBXNativeTarget section */

/* Begin PBXProject section */
		189124272813C58F0017F8FB /* Project object */ = {
			isa = PBXProject;
			attributes = {
				BuildIndependentTargetsInParallel = 1;
				LastSwiftUpdateCheck = 1330;
				LastUpgradeCheck = 1330;
				TargetAttributes = {
					1891242E2813C58F0017F8FB = {
						CreatedOnToolsVersion = 13.3;
					};
				};
			};
			buildConfigurationList = 1891242A2813C58F0017F8FB /* Build configuration list for PBXProject "Accquipo" */;
			compatibilityVersion = "Xcode 13.0";
			developmentRegion = en;
			hasScannedForEncodings = 0;
			knownRegions = (
				en,
				Base,
			);
			mainGroup = 189124262813C58F0017F8FB;
			productRefGroup = 189124302813C58F0017F8FB /* Products */;
			projectDirPath = "";
			projectRoot = "";
			targets = (
				1891242E2813C58F0017F8FB /* Accquipo */,
			);
		};
/* End PBXProject section */

/* Begin PBXResourcesBuildPhase section */
		1891242D2813C58F0017F8FB /* Resources */ = {
			isa = PBXResourcesBuildPhase;
			buildActionMask = 2147483647;
			files = (
				1891244B2813DCBC0017F8FB /* Main.storyboard in Resources */,
				189124422813C5950017F8FB /* LaunchScreen.storyboard in Resources */,
				1891243F2813C5950017F8FB /* Assets.xcassets in Resources */,
			);
			runOnlyForDeploymentPostprocessing = 0;
		};
/* End PBXResourcesBuildPhase section */

/* Begin PBXShellScriptBuildPhase section */
		1E916EAA049752C61C1DF434 /* [CP] Embed Pods Frameworks */ = {
			isa = PBXShellScriptBuildPhase;
			buildActionMask = 2147483647;
			files = (
			);
			inputFileListPaths = (
				"${PODS_ROOT}/Target Support Files/Pods-Accquipo/Pods-Accquipo-frameworks-${CONFIGURATION}-input-files.xcfilelist",
			);
			name = "[CP] Embed Pods Frameworks";
			outputFileListPaths = (
				"${PODS_ROOT}/Target Support Files/Pods-Accquipo/Pods-Accquipo-frameworks-${CONFIGURATION}-output-files.xcfilelist",
			);
			runOnlyForDeploymentPostprocessing = 0;
			shellPath = /bin/sh;
			shellScript = "\"${PODS_ROOT}/Target Support Files/Pods-Accquipo/Pods-Accquipo-frameworks.sh\"\n";
			showEnvVarsInLog = 0;
		};
		9B7EF28C05DDE11792040810 /* [CP] Check Pods Manifest.lock */ = {
			isa = PBXShellScriptBuildPhase;
			buildActionMask = 2147483647;
			files = (
			);
			inputFileListPaths = (
			);
			inputPaths = (
				"${PODS_PODFILE_DIR_PATH}/Podfile.lock",
				"${PODS_ROOT}/Manifest.lock",
			);
			name = "[CP] Check Pods Manifest.lock";
			outputFileListPaths = (
			);
			outputPaths = (
				"$(DERIVED_FILE_DIR)/Pods-Accquipo-checkManifestLockResult.txt",
			);
			runOnlyForDeploymentPostprocessing = 0;
			shellPath = /bin/sh;
			shellScript = "diff \"${PODS_PODFILE_DIR_PATH}/Podfile.lock\" \"${PODS_ROOT}/Manifest.lock\" > /dev/null\nif [ $? != 0 ] ; then\n    # print error to STDERR\n    echo \"error: The sandbox is not in sync with the Podfile.lock. Run 'pod install' or update your CocoaPods installation.\" >&2\n    exit 1\nfi\n# This output is used by Xcode 'outputs' to avoid re-running this script phase.\necho \"SUCCESS\" > \"${SCRIPT_OUTPUT_FILE_0}\"\n";
			showEnvVarsInLog = 0;
		};
/* End PBXShellScriptBuildPhase section */

/* Begin PBXSourcesBuildPhase section */
		1891242B2813C58F0017F8FB /* Sources */ = {
			isa = PBXSourcesBuildPhase;
			buildActionMask = 2147483647;
			files = (
				188997D628239F4B00E19478 /* NotificationViewController.swift in Sources */,
				187499E928449F900039DEB3 /* LysonMartViewController.swift in Sources */,
				189124372813C58F0017F8FB /* LoginViewController.swift in Sources */,
				187499E3283E22E70039DEB3 /* PurchaseLedgerViewController.swift in Sources */,
				187499F82847362F0039DEB3 /* PurchaseDealerAccountViewController.swift in Sources */,
				187499EE2844BEFE0039DEB3 /* BrokerLedgerViewController.swift in Sources */,
				189124332813C58F0017F8FB /* AppDelegate.swift in Sources */,
				1862A88F2824049F00CA9BDF /* CashViewController.swift in Sources */,
				187499FA28473CBB0039DEB3 /* ProfileDashboardViewController.swift in Sources */,
				1891243D2813C58F0017F8FB /* Accquipo.xcdatamodeld in Sources */,
				1862A88D2824047700CA9BDF /* BankViewController.swift in Sources */,
				18DE71AD283D017F00FFAFEC /* HalfScreenViewController.swift in Sources */,
				187499FF2849D4F00039DEB3 /* LaylandBillViewController.swift in Sources */,
				187499E7284491920039DEB3 /* SalesLedgerViewController.swift in Sources */,
				187499F02845D2500039DEB3 /* StockLedgerViewController.swift in Sources */,
				187499F2284629820039DEB3 /* BrokerDetailsViewController.swift in Sources */,
				187499E5283F45080039DEB3 /* LaylandStoresViewController.swift in Sources */,
				18715217281A5FFE00A870CC /* GridCollectionViewController.swift in Sources */,
				189124352813C58F0017F8FB /* SceneDelegate.swift in Sources */,
				187324E5282A666000E91C06 /* ProfileCollectionViewController.swift in Sources */,
				1862A88B2823FA7100CA9BDF /* WithdrawalViewController.swift in Sources */,
				187499F6284735F30039DEB3 /* StockProductDetailsViewController.swift in Sources */,
			);
			runOnlyForDeploymentPostprocessing = 0;
		};
/* End PBXSourcesBuildPhase section */

/* Begin PBXVariantGroup section */
		189124402813C5950017F8FB /* LaunchScreen.storyboard */ = {
			isa = PBXVariantGroup;
			children = (
				189124412813C5950017F8FB /* Base */,
			);
			name = LaunchScreen.storyboard;
			sourceTree = "<group>";
		};
		189124492813DCBC0017F8FB /* Main.storyboard */ = {
			isa = PBXVariantGroup;
			children = (
				1891244A2813DCBC0017F8FB /* Base */,
			);
			name = Main.storyboard;
			sourceTree = "<group>";
		};
/* End PBXVariantGroup section */

/* Begin XCBuildConfiguration section */
		189124442813C5950017F8FB /* Debug */ = {
			isa = XCBuildConfiguration;
			buildSettings = {
				ALWAYS_SEARCH_USER_PATHS = NO;
				CLANG_ANALYZER_NONNULL = YES;
				CLANG_ANALYZER_NUMBER_OBJECT_CONVERSION = YES_AGGRESSIVE;
				CLANG_CXX_LANGUAGE_STANDARD = "gnu++17";
				CLANG_ENABLE_MODULES = YES;
				CLANG_ENABLE_OBJC_ARC = YES;
				CLANG_ENABLE_OBJC_WEAK = YES;
				CLANG_WARN_BLOCK_CAPTURE_AUTORELEASING = YES;
				CLANG_WARN_BOOL_CONVERSION = YES;
				CLANG_WARN_COMMA = YES;
				CLANG_WARN_CONSTANT_CONVERSION = YES;
				CLANG_WARN_DEPRECATED_OBJC_IMPLEMENTATIONS = YES;
				CLANG_WARN_DIRECT_OBJC_ISA_USAGE = YES_ERROR;
				CLANG_WARN_DOCUMENTATION_COMMENTS = YES;
				CLANG_WARN_EMPTY_BODY = YES;
				CLANG_WARN_ENUM_CONVERSION = YES;
				CLANG_WARN_INFINITE_RECURSION = YES;
				CLANG_WARN_INT_CONVERSION = YES;
				CLANG_WARN_NON_LITERAL_NULL_CONVERSION = YES;
				CLANG_WARN_OBJC_IMPLICIT_RETAIN_SELF = YES;
				CLANG_WARN_OBJC_LITERAL_CONVERSION = YES;
				CLANG_WARN_OBJC_ROOT_CLASS = YES_ERROR;
				CLANG_WARN_QUOTED_INCLUDE_IN_FRAMEWORK_HEADER = YES;
				CLANG_WARN_RANGE_LOOP_ANALYSIS = YES;
				CLANG_WARN_STRICT_PROTOTYPES = YES;
				CLANG_WARN_SUSPICIOUS_MOVE = YES;
				CLANG_WARN_UNGUARDED_AVAILABILITY = YES_AGGRESSIVE;
				CLANG_WARN_UNREACHABLE_CODE = YES;
				CLANG_WARN__DUPLICATE_METHOD_MATCH = YES;
				COPY_PHASE_STRIP = NO;
				DEBUG_INFORMATION_FORMAT = dwarf;
				ENABLE_STRICT_OBJC_MSGSEND = YES;
				ENABLE_TESTABILITY = YES;
				GCC_C_LANGUAGE_STANDARD = gnu11;
				GCC_DYNAMIC_NO_PIC = NO;
				GCC_NO_COMMON_BLOCKS = YES;
				GCC_OPTIMIZATION_LEVEL = 0;
				GCC_PREPROCESSOR_DEFINITIONS = (
					"DEBUG=1",
					"$(inherited)",
				);
				GCC_WARN_64_TO_32_BIT_CONVERSION = YES;
				GCC_WARN_ABOUT_RETURN_TYPE = YES_ERROR;
				GCC_WARN_UNDECLARED_SELECTOR = YES;
				GCC_WARN_UNINITIALIZED_AUTOS = YES_AGGRESSIVE;
				GCC_WARN_UNUSED_FUNCTION = YES;
				GCC_WARN_UNUSED_VARIABLE = YES;
				IPHONEOS_DEPLOYMENT_TARGET = 15.4;
				MTL_ENABLE_DEBUG_INFO = INCLUDE_SOURCE;
				MTL_FAST_MATH = YES;
				ONLY_ACTIVE_ARCH = YES;
				SDKROOT = iphoneos;
				SWIFT_ACTIVE_COMPILATION_CONDITIONS = DEBUG;
				SWIFT_OPTIMIZATION_LEVEL = "-Onone";
			};
			name = Debug;
		};
		189124452813C5950017F8FB /* Release */ = {
			isa = XCBuildConfiguration;
			buildSettings = {
				ALWAYS_SEARCH_USER_PATHS = NO;
				CLANG_ANALYZER_NONNULL = YES;
				CLANG_ANALYZER_NUMBER_OBJECT_CONVERSION = YES_AGGRESSIVE;
				CLANG_CXX_LANGUAGE_STANDARD = "gnu++17";
				CLANG_ENABLE_MODULES = YES;
				CLANG_ENABLE_OBJC_ARC = YES;
				CLANG_ENABLE_OBJC_WEAK = YES;
				CLANG_WARN_BLOCK_CAPTURE_AUTORELEASING = YES;
				CLANG_WARN_BOOL_CONVERSION = YES;
				CLANG_WARN_COMMA = YES;
				CLANG_WARN_CONSTANT_CONVERSION = YES;
				CLANG_WARN_DEPRECATED_OBJC_IMPLEMENTATIONS = YES;
				CLANG_WARN_DIRECT_OBJC_ISA_USAGE = YES_ERROR;
				CLANG_WARN_DOCUMENTATION_COMMENTS = YES;
				CLANG_WARN_EMPTY_BODY = YES;
				CLANG_WARN_ENUM_CONVERSION = YES;
				CLANG_WARN_INFINITE_RECURSION = YES;
				CLANG_WARN_INT_CONVERSION = YES;
				CLANG_WARN_NON_LITERAL_NULL_CONVERSION = YES;
				CLANG_WARN_OBJC_IMPLICIT_RETAIN_SELF = YES;
				CLANG_WARN_OBJC_LITERAL_CONVERSION = YES;
				CLANG_WARN_OBJC_ROOT_CLASS = YES_ERROR;
				CLANG_WARN_QUOTED_INCLUDE_IN_FRAMEWORK_HEADER = YES;
				CLANG_WARN_RANGE_LOOP_ANALYSIS = YES;
				CLANG_WARN_STRICT_PROTOTYPES = YES;
				CLANG_WARN_SUSPICIOUS_MOVE = YES;
				CLANG_WARN_UNGUARDED_AVAILABILITY = YES_AGGRESSIVE;
				CLANG_WARN_UNREACHABLE_CODE = YES;
				CLANG_WARN__DUPLICATE_METHOD_MATCH = YES;
				COPY_PHASE_STRIP = NO;
				DEBUG_INFORMATION_FORMAT = "dwarf-with-dsym";
				ENABLE_NS_ASSERTIONS = NO;
				ENABLE_STRICT_OBJC_MSGSEND = YES;
				GCC_C_LANGUAGE_STANDARD = gnu11;
				GCC_NO_COMMON_BLOCKS = YES;
				GCC_WARN_64_TO_32_BIT_CONVERSION = YES;
				GCC_WARN_ABOUT_RETURN_TYPE = YES_ERROR;
				GCC_WARN_UNDECLARED_SELECTOR = YES;
				GCC_WARN_UNINITIALIZED_AUTOS = YES_AGGRESSIVE;
				GCC_WARN_UNUSED_FUNCTION = YES;
				GCC_WARN_UNUSED_VARIABLE = YES;
				IPHONEOS_DEPLOYMENT_TARGET = 15.4;
				MTL_ENABLE_DEBUG_INFO = NO;
				MTL_FAST_MATH = YES;
				SDKROOT = iphoneos;
				SWIFT_COMPILATION_MODE = wholemodule;
				SWIFT_OPTIMIZATION_LEVEL = "-O";
				VALIDATE_PRODUCT = YES;
			};
			name = Release;
		};
		189124472813C5950017F8FB /* Debug */ = {
			isa = XCBuildConfiguration;
			baseConfigurationReference = E0352F9D7CC54BD370F6EED9 /* Pods-Accquipo.debug.xcconfig */;
			buildSettings = {
				ASSETCATALOG_COMPILER_APPICON_NAME = AppIcon;
				ASSETCATALOG_COMPILER_GLOBAL_ACCENT_COLOR_NAME = AccentColor;
				CODE_SIGN_STYLE = Automatic;
				CURRENT_PROJECT_VERSION = 1;
				GENERATE_INFOPLIST_FILE = YES;
				INFOPLIST_FILE = Accquipo/Info.plist;
				INFOPLIST_KEY_UIApplicationSupportsIndirectInputEvents = YES;
				INFOPLIST_KEY_UILaunchStoryboardName = LaunchScreen;
				INFOPLIST_KEY_UIMainStoryboardFile = Main;
				INFOPLIST_KEY_UISupportedInterfaceOrientations_iPad = "UIInterfaceOrientationPortrait UIInterfaceOrientationPortraitUpsideDown UIInterfaceOrientationLandscapeLeft UIInterfaceOrientationLandscapeRight";
				INFOPLIST_KEY_UISupportedInterfaceOrientations_iPhone = "UIInterfaceOrientationPortrait UIInterfaceOrientationLandscapeLeft UIInterfaceOrientationLandscapeRight";
				LD_RUNPATH_SEARCH_PATHS = (
					"$(inherited)",
					"@executable_path/Frameworks",
				);
				MARKETING_VERSION = 1.0;
				PRODUCT_BUNDLE_IDENTIFIER = com.uikit.app.Accquipo;
				PRODUCT_NAME = "$(TARGET_NAME)";
				SWIFT_EMIT_LOC_STRINGS = YES;
				SWIFT_VERSION = 5.0;
				TARGETED_DEVICE_FAMILY = "1,2";
			};
			name = Debug;
		};
		189124482813C5950017F8FB /* Release */ = {
			isa = XCBuildConfiguration;
			baseConfigurationReference = 4A2F92DDE6721A6E078EAC36 /* Pods-Accquipo.release.xcconfig */;
			buildSettings = {
				ASSETCATALOG_COMPILER_APPICON_NAME = AppIcon;
				ASSETCATALOG_COMPILER_GLOBAL_ACCENT_COLOR_NAME = AccentColor;
				CODE_SIGN_STYLE = Automatic;
				CURRENT_PROJECT_VERSION = 1;
				GENERATE_INFOPLIST_FILE = YES;
				INFOPLIST_FILE = Accquipo/Info.plist;
				INFOPLIST_KEY_UIApplicationSupportsIndirectInputEvents = YES;
				INFOPLIST_KEY_UILaunchStoryboardName = LaunchScreen;
				INFOPLIST_KEY_UIMainStoryboardFile = Main;
				INFOPLIST_KEY_UISupportedInterfaceOrientations_iPad = "UIInterfaceOrientationPortrait UIInterfaceOrientationPortraitUpsideDown UIInterfaceOrientationLandscapeLeft UIInterfaceOrientationLandscapeRight";
				INFOPLIST_KEY_UISupportedInterfaceOrientations_iPhone = "UIInterfaceOrientationPortrait UIInterfaceOrientationLandscapeLeft UIInterfaceOrientationLandscapeRight";
				LD_RUNPATH_SEARCH_PATHS = (
					"$(inherited)",
					"@executable_path/Frameworks",
				);
				MARKETING_VERSION = 1.0;
				PRODUCT_BUNDLE_IDENTIFIER = com.uikit.app.Accquipo;
				PRODUCT_NAME = "$(TARGET_NAME)";
				SWIFT_EMIT_LOC_STRINGS = YES;
				SWIFT_VERSION = 5.0;
				TARGETED_DEVICE_FAMILY = "1,2";
			};
			name = Release;
		};
/* End XCBuildConfiguration section */

/* Begin XCConfigurationList section */
		1891242A2813C58F0017F8FB /* Build configuration list for PBXProject "Accquipo" */ = {
			isa = XCConfigurationList;
			buildConfigurations = (
				189124442813C5950017F8FB /* Debug */,
				189124452813C5950017F8FB /* Release */,
			);
			defaultConfigurationIsVisible = 0;
			defaultConfigurationName = Release;
		};
		189124462813C5950017F8FB /* Build configuration list for PBXNativeTarget "Accquipo" */ = {
			isa = XCConfigurationList;
			buildConfigurations = (
				189124472813C5950017F8FB /* Debug */,
				189124482813C5950017F8FB /* Release */,
			);
			defaultConfigurationIsVisible = 0;
			defaultConfigurationName = Release;
		};
/* End XCConfigurationList section */

/* Begin XCVersionGroup section */
		1891243B2813C58F0017F8FB /* Accquipo.xcdatamodeld */ = {
			isa = XCVersionGroup;
			children = (
				1891243C2813C58F0017F8FB /* Accquipo.xcdatamodel */,
			);
			currentVersion = 1891243C2813C58F0017F8FB /* Accquipo.xcdatamodel */;
			path = Accquipo.xcdatamodeld;
			sourceTree = "<group>";
			versionGroupType = wrapper.xcdatamodel;
		};
/* End XCVersionGroup section */
	};
	rootObject = 189124272813C58F0017F8FB /* Project object */;
}
